
Microsoft Visual Studio Solution File, Format Version 12.00
# Visual Studio 14
VisualStudioVersion = 14.0.25420.1
MinimumVisualStudioVersion = 10.0.40219.1
Project("{FAE04EC0-301F-11D3-BF4B-00C04F79EFBC}") = "UNET_Trainer_Instructor", "UNET_Trainer\UNET_Trainer_Instructor.csproj", "{A1EE7471-9FFF-4C2A-A49B-F2C07F4E1238}"
	ProjectSection(ProjectDependencies) = postProject
		{228221D7-99BC-4078-AF1C-228BD69D6C71} = {228221D7-99BC-4078-AF1C-228BD69D6C71}
	EndProjectSection
EndProject
Project("{FAE04EC0-301F-11D3-BF4B-00C04F79EFBC}") = "SIP_Tester", "SIP_Tester\SIP_Tester.csproj", "{D3EE2A06-D617-45F8-879E-8D0931BC8982}"
EndProject
Project("{FAE04EC0-301F-11D3-BF4B-00C04F79EFBC}") = "FgDotNetControls", "FgDotNetControls\FgDotNetControls.csproj", "{478816D0-3A16-4B65-9826-8F90FBA2BF29}"
EndProject
Project("{54435603-DBB4-11D2-8724-00A0C9A8B90C}") = "SetupSIPTester", "SetupSIPTester\SetupSIPTester.vdproj", "{6FA859E1-D353-4215-9EF2-BC178CA314B0}"
EndProject
Project("{F184B08F-C81C-45F6-A57F-5ABD9991F28F}") = "incoming_call", "incoming_call\incoming_call.vbproj", "{18D558B1-B70A-474C-BCEA-65D47654AF68}"
EndProject
Project("{FAE04EC0-301F-11D3-BF4B-00C04F79EFBC}") = "UNET_Tester", "UNET_Tester\UNET_Tester.csproj", "{A846E562-3039-46A3-8802-9798845EF969}"
	ProjectSection(ProjectDependencies) = postProject
		{228221D7-99BC-4078-AF1C-228BD69D6C71} = {228221D7-99BC-4078-AF1C-228BD69D6C71}
	EndProjectSection
EndProject
Project("{FAE04EC0-301F-11D3-BF4B-00C04F79EFBC}") = "UNET_Trainer_Trainee", "UNET_Trainer_Trainee\UNET_Trainer_Trainee.csproj", "{A56B87B3-C303-4414-948C-923639D7E069}"
	ProjectSection(ProjectDependencies) = postProject
		{228221D7-99BC-4078-AF1C-228BD69D6C71} = {228221D7-99BC-4078-AF1C-228BD69D6C71}
	EndProjectSection
EndProject
Project("{FAE04EC0-301F-11D3-BF4B-00C04F79EFBC}") = "SipekSdk", "SipekSDK\SipekSdk.csproj", "{B0B842D8-3A40-47EC-BC69-17889A43A197}"
EndProject
Project("{FAE04EC0-301F-11D3-BF4B-00C04F79EFBC}") = "UNET_Classes", "UNET_Classes\UNET_Classes.csproj", "{2960B03B-9B75-49EB-ADFC-4F03269762EA}"
EndProject
Project("{FAE04EC0-301F-11D3-BF4B-00C04F79EFBC}") = "PJSUA2Implementation", "PJSUA2Implementation\PJSUA2Implementation.csproj", "{05BD2036-6F02-4E59-849E-AB226CE50EC5}"
EndProject
Project("{FAE04EC0-301F-11D3-BF4B-00C04F79EFBC}") = "UNET_ConferenceBridge", "UNET_ConferenceBridge\UNET_ConferenceBridge.csproj", "{D7F73F50-13CF-4555-8D9A-8AB4CC5122C9}"
EndProject
Project("{FAE04EC0-301F-11D3-BF4B-00C04F79EFBC}") = "UNET_Sounds", "UNET_SignalGenerator\UNET_Sounds.csproj", "{360517A6-76CB-4FB5-A347-FE18DADD9F2E}"
EndProject
Project("{54435603-DBB4-11D2-8724-00A0C9A8B90C}") = "SetupUNET_Trainee", "SetupUNET_Trainee\SetupUNET_Trainee.vdproj", "{D31EAC34-CD16-466D-A5A0-4C98EA1564CA}"
EndProject
Project("{54435603-DBB4-11D2-8724-00A0C9A8B90C}") = "SetupUNET_Tester", "SetupUNET_Tester\SetupUNET_Tester.vdproj", "{8E4F6FC2-921E-43B4-8E52-B978E52C9725}"
EndProject
Project("{FAE04EC0-301F-11D3-BF4B-00C04F79EFBC}") = "TestPJSUA2", "TestPJSUA2\TestPJSUA2.csproj", "{FBF31DBD-966B-46DE-9A2D-5A7409141830}"
	ProjectSection(ProjectDependencies) = postProject
		{228221D7-99BC-4078-AF1C-228BD69D6C71} = {228221D7-99BC-4078-AF1C-228BD69D6C71}
	EndProjectSection
EndProject
Project("{54435603-DBB4-11D2-8724-00A0C9A8B90C}") = "SetupTestPJSUA2", "SetupTestPJSUA2\SetupTestPJSUA2.vdproj", "{3DB2ECDD-31EF-44E9-92F0-9B281E78CB06}"
EndProject
Project("{54435603-DBB4-11D2-8724-00A0C9A8B90C}") = "SetupUNET_Instructor", "SetupUNET_Instructor\Setup_UNET_Instructor.vdproj", "{60222816-9103-468D-A2CB-FE4E2849B799}"
EndProject
Project("{FAE04EC0-301F-11D3-BF4B-00C04F79EFBC}") = "UNET_Theming", "UNET_Theming\UNET_Theming.csproj", "{A5B4E6EA-E04C-4B32-BA1F-FB3FEA67EDB3}"
EndProject
Project("{FAE04EC0-301F-11D3-BF4B-00C04F79EFBC}") = "HardwareInterface", "HardwareInterface\HardwareInterface.csproj", "{7FA901A0-FA2F-4372-8E7B-66311CC9B57C}"
EndProject
Project("{FAE04EC0-301F-11D3-BF4B-00C04F79EFBC}") = "HidLib", "HidLib\HidLib.csproj", "{B8A12DAF-2C59-4061-8E3E-B3EF2AF1CB7C}"
EndProject
Project("{FAE04EC0-301F-11D3-BF4B-00C04F79EFBC}") = "HardwareInterfaceTestApp", "HardwareInterfaceTestApp\HardwareInterfaceTestApp.csproj", "{F620E40E-6BD5-4549-93C2-2A5F22FC404A}"
EndProject
Project("{2150E333-8FDC-42A3-9474-1A3956D46DE8}") = "TCPClientandServer", "TCPClientandServer", "{FD9D87BB-D81B-4A6D-B750-C2AE85D645B1}"
EndProject
Project("{FAE04EC0-301F-11D3-BF4B-00C04F79EFBC}") = "TCPSocketClient", "TCPClientandServer\TCPSocketClient\TCPSocketClient.csproj", "{86CC3137-2CED-440F-9B6C-A543A5AE4EA5}"
EndProject
Project("{FAE04EC0-301F-11D3-BF4B-00C04F79EFBC}") = "TCPSocketServer", "TCPClientandServer\TCPSocketServer\TCPSocketServer.csproj", "{813F1946-698E-4B7F-90D0-745FFA6CBA92}"
EndProject
Project("{FAE04EC0-301F-11D3-BF4B-00C04F79EFBC}") = "UNET_ServiceStatus", "UNET_ServiceStatus\UNET_ServiceStatus.csproj", "{4B0C5246-B4D9-4B93-B101-606CA88B21F7}"
	ProjectSection(ProjectDependencies) = postProject
		{228221D7-99BC-4078-AF1C-228BD69D6C71} = {228221D7-99BC-4078-AF1C-228BD69D6C71}
	EndProjectSection
EndProject
Project("{2150E333-8FDC-42A3-9474-1A3956D46DE8}") = "TestProjects", "TestProjects", "{C52A98B0-4E57-4C28-AAB8-C531A17D3536}"
EndProject
Project("{2150E333-8FDC-42A3-9474-1A3956D46DE8}") = "Setups", "Setups", "{6BDAA0B1-51E8-4A84-BC13-84C96744C0EB}"
EndProject
Project("{2150E333-8FDC-42A3-9474-1A3956D46DE8}") = "SIM2UNET", "SIM2UNET", "{B35DB31C-8E35-442B-9852-EB839ED44E9F}"
EndProject
Project("{FAE04EC0-301F-11D3-BF4B-00C04F79EFBC}") = "UNET_Service", "UNET_Service\UNET_Service.csproj", "{228221D7-99BC-4078-AF1C-228BD69D6C71}"
EndProject
Global
	GlobalSection(SolutionConfigurationPlatforms) = preSolution
		Debug|Any CPU = Debug|Any CPU
		Debug|x64 = Debug|x64
		Debug|x86 = Debug|x86
		Release|Any CPU = Release|Any CPU
		Release|x64 = Release|x64
		Release|x86 = Release|x86
	EndGlobalSection
	GlobalSection(ProjectConfigurationPlatforms) = postSolution
		{A1EE7471-9FFF-4C2A-A49B-F2C07F4E1238}.Debug|Any CPU.ActiveCfg = Debug|Any CPU
		{A1EE7471-9FFF-4C2A-A49B-F2C07F4E1238}.Debug|Any CPU.Build.0 = Debug|Any CPU
		{A1EE7471-9FFF-4C2A-A49B-F2C07F4E1238}.Debug|x64.ActiveCfg = Debug|Any CPU
		{A1EE7471-9FFF-4C2A-A49B-F2C07F4E1238}.Debug|x64.Build.0 = Debug|Any CPU
		{A1EE7471-9FFF-4C2A-A49B-F2C07F4E1238}.Debug|x86.ActiveCfg = Debug|Any CPU
		{A1EE7471-9FFF-4C2A-A49B-F2C07F4E1238}.Debug|x86.Build.0 = Debug|Any CPU
		{A1EE7471-9FFF-4C2A-A49B-F2C07F4E1238}.Release|Any CPU.ActiveCfg = Release|Any CPU
		{A1EE7471-9FFF-4C2A-A49B-F2C07F4E1238}.Release|Any CPU.Build.0 = Release|Any CPU
		{A1EE7471-9FFF-4C2A-A49B-F2C07F4E1238}.Release|x64.ActiveCfg = Release|Any CPU
		{A1EE7471-9FFF-4C2A-A49B-F2C07F4E1238}.Release|x64.Build.0 = Release|Any CPU
		{A1EE7471-9FFF-4C2A-A49B-F2C07F4E1238}.Release|x86.ActiveCfg = Release|Any CPU
		{A1EE7471-9FFF-4C2A-A49B-F2C07F4E1238}.Release|x86.Build.0 = Release|Any CPU
		{D3EE2A06-D617-45F8-879E-8D0931BC8982}.Debug|Any CPU.ActiveCfg = Debug|Any CPU
		{D3EE2A06-D617-45F8-879E-8D0931BC8982}.Debug|Any CPU.Build.0 = Debug|Any CPU
		{D3EE2A06-D617-45F8-879E-8D0931BC8982}.Debug|x64.ActiveCfg = Debug|Any CPU
		{D3EE2A06-D617-45F8-879E-8D0931BC8982}.Debug|x64.Build.0 = Debug|Any CPU
		{D3EE2A06-D617-45F8-879E-8D0931BC8982}.Debug|x86.ActiveCfg = Debug|Any CPU
		{D3EE2A06-D617-45F8-879E-8D0931BC8982}.Debug|x86.Build.0 = Debug|Any CPU
		{D3EE2A06-D617-45F8-879E-8D0931BC8982}.Release|Any CPU.ActiveCfg = Release|Any CPU
		{D3EE2A06-D617-45F8-879E-8D0931BC8982}.Release|Any CPU.Build.0 = Release|Any CPU
		{D3EE2A06-D617-45F8-879E-8D0931BC8982}.Release|x64.ActiveCfg = Release|Any CPU
		{D3EE2A06-D617-45F8-879E-8D0931BC8982}.Release|x64.Build.0 = Release|Any CPU
		{D3EE2A06-D617-45F8-879E-8D0931BC8982}.Release|x86.ActiveCfg = Release|Any CPU
		{D3EE2A06-D617-45F8-879E-8D0931BC8982}.Release|x86.Build.0 = Release|Any CPU
		{478816D0-3A16-4B65-9826-8F90FBA2BF29}.Debug|Any CPU.ActiveCfg = Debug|Any CPU
		{478816D0-3A16-4B65-9826-8F90FBA2BF29}.Debug|Any CPU.Build.0 = Debug|Any CPU
		{478816D0-3A16-4B65-9826-8F90FBA2BF29}.Debug|x64.ActiveCfg = Debug|Any CPU
		{478816D0-3A16-4B65-9826-8F90FBA2BF29}.Debug|x64.Build.0 = Debug|Any CPU
		{478816D0-3A16-4B65-9826-8F90FBA2BF29}.Debug|x86.ActiveCfg = Debug|Any CPU
		{478816D0-3A16-4B65-9826-8F90FBA2BF29}.Debug|x86.Build.0 = Debug|Any CPU
		{478816D0-3A16-4B65-9826-8F90FBA2BF29}.Release|Any CPU.ActiveCfg = Release|Any CPU
		{478816D0-3A16-4B65-9826-8F90FBA2BF29}.Release|Any CPU.Build.0 = Release|Any CPU
		{478816D0-3A16-4B65-9826-8F90FBA2BF29}.Release|x64.ActiveCfg = Release|Any CPU
		{478816D0-3A16-4B65-9826-8F90FBA2BF29}.Release|x64.Build.0 = Release|Any CPU
		{478816D0-3A16-4B65-9826-8F90FBA2BF29}.Release|x86.ActiveCfg = Release|Any CPU
		{478816D0-3A16-4B65-9826-8F90FBA2BF29}.Release|x86.Build.0 = Release|Any CPU
		{6FA859E1-D353-4215-9EF2-BC178CA314B0}.Debug|Any CPU.ActiveCfg = Debug
		{6FA859E1-D353-4215-9EF2-BC178CA314B0}.Debug|x64.ActiveCfg = Debug
		{6FA859E1-D353-4215-9EF2-BC178CA314B0}.Debug|x64.Build.0 = Debug
		{6FA859E1-D353-4215-9EF2-BC178CA314B0}.Debug|x86.ActiveCfg = Debug
		{6FA859E1-D353-4215-9EF2-BC178CA314B0}.Debug|x86.Build.0 = Debug
		{6FA859E1-D353-4215-9EF2-BC178CA314B0}.Release|Any CPU.ActiveCfg = Release
		{6FA859E1-D353-4215-9EF2-BC178CA314B0}.Release|x64.ActiveCfg = Release
		{6FA859E1-D353-4215-9EF2-BC178CA314B0}.Release|x64.Build.0 = Release
		{6FA859E1-D353-4215-9EF2-BC178CA314B0}.Release|x86.ActiveCfg = Release
		{6FA859E1-D353-4215-9EF2-BC178CA314B0}.Release|x86.Build.0 = Release
		{18D558B1-B70A-474C-BCEA-65D47654AF68}.Debug|Any CPU.ActiveCfg = Debug|x86
		{18D558B1-B70A-474C-BCEA-65D47654AF68}.Debug|x64.ActiveCfg = Debug|x86
		{18D558B1-B70A-474C-BCEA-65D47654AF68}.Debug|x86.ActiveCfg = Debug|x86
		{18D558B1-B70A-474C-BCEA-65D47654AF68}.Debug|x86.Build.0 = Debug|x86
		{18D558B1-B70A-474C-BCEA-65D47654AF68}.Release|Any CPU.ActiveCfg = Release|x86
		{18D558B1-B70A-474C-BCEA-65D47654AF68}.Release|x64.ActiveCfg = Release|x86
		{18D558B1-B70A-474C-BCEA-65D47654AF68}.Release|x86.ActiveCfg = Release|x86
		{18D558B1-B70A-474C-BCEA-65D47654AF68}.Release|x86.Build.0 = Release|x86
		{A846E562-3039-46A3-8802-9798845EF969}.Debug|Any CPU.ActiveCfg = Debug|Any CPU
		{A846E562-3039-46A3-8802-9798845EF969}.Debug|Any CPU.Build.0 = Debug|Any CPU
		{A846E562-3039-46A3-8802-9798845EF969}.Debug|x64.ActiveCfg = Debug|Any CPU
		{A846E562-3039-46A3-8802-9798845EF969}.Debug|x64.Build.0 = Debug|Any CPU
		{A846E562-3039-46A3-8802-9798845EF969}.Debug|x86.ActiveCfg = Debug|Any CPU
		{A846E562-3039-46A3-8802-9798845EF969}.Debug|x86.Build.0 = Debug|Any CPU
		{A846E562-3039-46A3-8802-9798845EF969}.Release|Any CPU.ActiveCfg = Release|Any CPU
		{A846E562-3039-46A3-8802-9798845EF969}.Release|Any CPU.Build.0 = Release|Any CPU
		{A846E562-3039-46A3-8802-9798845EF969}.Release|x64.ActiveCfg = Release|Any CPU
		{A846E562-3039-46A3-8802-9798845EF969}.Release|x64.Build.0 = Release|Any CPU
		{A846E562-3039-46A3-8802-9798845EF969}.Release|x86.ActiveCfg = Release|Any CPU
		{A846E562-3039-46A3-8802-9798845EF969}.Release|x86.Build.0 = Release|Any CPU
		{A56B87B3-C303-4414-948C-923639D7E069}.Debug|Any CPU.ActiveCfg = Debug|Any CPU
		{A56B87B3-C303-4414-948C-923639D7E069}.Debug|Any CPU.Build.0 = Debug|Any CPU
		{A56B87B3-C303-4414-948C-923639D7E069}.Debug|x64.ActiveCfg = Debug|Any CPU
		{A56B87B3-C303-4414-948C-923639D7E069}.Debug|x64.Build.0 = Debug|Any CPU
		{A56B87B3-C303-4414-948C-923639D7E069}.Debug|x86.ActiveCfg = Debug|Any CPU
		{A56B87B3-C303-4414-948C-923639D7E069}.Debug|x86.Build.0 = Debug|Any CPU
		{A56B87B3-C303-4414-948C-923639D7E069}.Release|Any CPU.ActiveCfg = Release|Any CPU
		{A56B87B3-C303-4414-948C-923639D7E069}.Release|Any CPU.Build.0 = Release|Any CPU
		{A56B87B3-C303-4414-948C-923639D7E069}.Release|x64.ActiveCfg = Release|Any CPU
		{A56B87B3-C303-4414-948C-923639D7E069}.Release|x64.Build.0 = Release|Any CPU
		{A56B87B3-C303-4414-948C-923639D7E069}.Release|x86.ActiveCfg = Release|Any CPU
		{A56B87B3-C303-4414-948C-923639D7E069}.Release|x86.Build.0 = Release|Any CPU
		{B0B842D8-3A40-47EC-BC69-17889A43A197}.Debug|Any CPU.ActiveCfg = Debug|Any CPU
		{B0B842D8-3A40-47EC-BC69-17889A43A197}.Debug|Any CPU.Build.0 = Debug|Any CPU
		{B0B842D8-3A40-47EC-BC69-17889A43A197}.Debug|x64.ActiveCfg = Debug|Any CPU
		{B0B842D8-3A40-47EC-BC69-17889A43A197}.Debug|x64.Build.0 = Debug|Any CPU
		{B0B842D8-3A40-47EC-BC69-17889A43A197}.Debug|x86.ActiveCfg = Debug|Any CPU
		{B0B842D8-3A40-47EC-BC69-17889A43A197}.Debug|x86.Build.0 = Debug|Any CPU
		{B0B842D8-3A40-47EC-BC69-17889A43A197}.Release|Any CPU.ActiveCfg = Release|Any CPU
		{B0B842D8-3A40-47EC-BC69-17889A43A197}.Release|Any CPU.Build.0 = Release|Any CPU
		{B0B842D8-3A40-47EC-BC69-17889A43A197}.Release|x64.ActiveCfg = Release|Any CPU
		{B0B842D8-3A40-47EC-BC69-17889A43A197}.Release|x64.Build.0 = Release|Any CPU
		{B0B842D8-3A40-47EC-BC69-17889A43A197}.Release|x86.ActiveCfg = Release|Any CPU
		{B0B842D8-3A40-47EC-BC69-17889A43A197}.Release|x86.Build.0 = Release|Any CPU
		{2960B03B-9B75-49EB-ADFC-4F03269762EA}.Debug|Any CPU.ActiveCfg = Debug|Any CPU
		{2960B03B-9B75-49EB-ADFC-4F03269762EA}.Debug|Any CPU.Build.0 = Debug|Any CPU
		{2960B03B-9B75-49EB-ADFC-4F03269762EA}.Debug|x64.ActiveCfg = Debug|Any CPU
		{2960B03B-9B75-49EB-ADFC-4F03269762EA}.Debug|x64.Build.0 = Debug|Any CPU
		{2960B03B-9B75-49EB-ADFC-4F03269762EA}.Debug|x86.ActiveCfg = Debug|Any CPU
		{2960B03B-9B75-49EB-ADFC-4F03269762EA}.Debug|x86.Build.0 = Debug|Any CPU
		{2960B03B-9B75-49EB-ADFC-4F03269762EA}.Release|Any CPU.ActiveCfg = Release|Any CPU
		{2960B03B-9B75-49EB-ADFC-4F03269762EA}.Release|Any CPU.Build.0 = Release|Any CPU
		{2960B03B-9B75-49EB-ADFC-4F03269762EA}.Release|x64.ActiveCfg = Release|Any CPU
		{2960B03B-9B75-49EB-ADFC-4F03269762EA}.Release|x64.Build.0 = Release|Any CPU
		{2960B03B-9B75-49EB-ADFC-4F03269762EA}.Release|x86.ActiveCfg = Release|Any CPU
		{2960B03B-9B75-49EB-ADFC-4F03269762EA}.Release|x86.Build.0 = Release|Any CPU
		{05BD2036-6F02-4E59-849E-AB226CE50EC5}.Debug|Any CPU.ActiveCfg = Debug|Any CPU
		{05BD2036-6F02-4E59-849E-AB226CE50EC5}.Debug|Any CPU.Build.0 = Debug|Any CPU
		{05BD2036-6F02-4E59-849E-AB226CE50EC5}.Debug|x64.ActiveCfg = Debug|Any CPU
		{05BD2036-6F02-4E59-849E-AB226CE50EC5}.Debug|x64.Build.0 = Debug|Any CPU
		{05BD2036-6F02-4E59-849E-AB226CE50EC5}.Debug|x86.ActiveCfg = Debug|Any CPU
		{05BD2036-6F02-4E59-849E-AB226CE50EC5}.Debug|x86.Build.0 = Debug|Any CPU
		{05BD2036-6F02-4E59-849E-AB226CE50EC5}.Release|Any CPU.ActiveCfg = Release|Any CPU
		{05BD2036-6F02-4E59-849E-AB226CE50EC5}.Release|Any CPU.Build.0 = Release|Any CPU
		{05BD2036-6F02-4E59-849E-AB226CE50EC5}.Release|x64.ActiveCfg = Release|Any CPU
		{05BD2036-6F02-4E59-849E-AB226CE50EC5}.Release|x64.Build.0 = Release|Any CPU
		{05BD2036-6F02-4E59-849E-AB226CE50EC5}.Release|x86.ActiveCfg = Release|Any CPU
		{05BD2036-6F02-4E59-849E-AB226CE50EC5}.Release|x86.Build.0 = Release|Any CPU
		{D7F73F50-13CF-4555-8D9A-8AB4CC5122C9}.Debug|Any CPU.ActiveCfg = Debug|Any CPU
		{D7F73F50-13CF-4555-8D9A-8AB4CC5122C9}.Debug|Any CPU.Build.0 = Debug|Any CPU
		{D7F73F50-13CF-4555-8D9A-8AB4CC5122C9}.Debug|x64.ActiveCfg = Debug|Any CPU
		{D7F73F50-13CF-4555-8D9A-8AB4CC5122C9}.Debug|x64.Build.0 = Debug|Any CPU
		{D7F73F50-13CF-4555-8D9A-8AB4CC5122C9}.Debug|x86.ActiveCfg = Debug|Any CPU
		{D7F73F50-13CF-4555-8D9A-8AB4CC5122C9}.Debug|x86.Build.0 = Debug|Any CPU
		{D7F73F50-13CF-4555-8D9A-8AB4CC5122C9}.Release|Any CPU.ActiveCfg = Release|Any CPU
		{D7F73F50-13CF-4555-8D9A-8AB4CC5122C9}.Release|Any CPU.Build.0 = Release|Any CPU
		{D7F73F50-13CF-4555-8D9A-8AB4CC5122C9}.Release|x64.ActiveCfg = Release|Any CPU
		{D7F73F50-13CF-4555-8D9A-8AB4CC5122C9}.Release|x64.Build.0 = Release|Any CPU
		{D7F73F50-13CF-4555-8D9A-8AB4CC5122C9}.Release|x86.ActiveCfg = Release|Any CPU
		{D7F73F50-13CF-4555-8D9A-8AB4CC5122C9}.Release|x86.Build.0 = Release|Any CPU
		{360517A6-76CB-4FB5-A347-FE18DADD9F2E}.Debug|Any CPU.ActiveCfg = Debug|Any CPU
		{360517A6-76CB-4FB5-A347-FE18DADD9F2E}.Debug|Any CPU.Build.0 = Debug|Any CPU
		{360517A6-76CB-4FB5-A347-FE18DADD9F2E}.Debug|x64.ActiveCfg = Debug|Any CPU
		{360517A6-76CB-4FB5-A347-FE18DADD9F2E}.Debug|x64.Build.0 = Debug|Any CPU
		{360517A6-76CB-4FB5-A347-FE18DADD9F2E}.Debug|x86.ActiveCfg = Debug|Any CPU
		{360517A6-76CB-4FB5-A347-FE18DADD9F2E}.Debug|x86.Build.0 = Debug|Any CPU
		{360517A6-76CB-4FB5-A347-FE18DADD9F2E}.Release|Any CPU.ActiveCfg = Release|Any CPU
		{360517A6-76CB-4FB5-A347-FE18DADD9F2E}.Release|Any CPU.Build.0 = Release|Any CPU
		{360517A6-76CB-4FB5-A347-FE18DADD9F2E}.Release|x64.ActiveCfg = Release|Any CPU
		{360517A6-76CB-4FB5-A347-FE18DADD9F2E}.Release|x64.Build.0 = Release|Any CPU
		{360517A6-76CB-4FB5-A347-FE18DADD9F2E}.Release|x86.ActiveCfg = Release|Any CPU
		{360517A6-76CB-4FB5-A347-FE18DADD9F2E}.Release|x86.Build.0 = Release|Any CPU
		{D31EAC34-CD16-466D-A5A0-4C98EA1564CA}.Debug|Any CPU.ActiveCfg = Debug
		{D31EAC34-CD16-466D-A5A0-4C98EA1564CA}.Debug|Any CPU.Build.0 = Debug
		{D31EAC34-CD16-466D-A5A0-4C98EA1564CA}.Debug|x64.ActiveCfg = Debug
		{D31EAC34-CD16-466D-A5A0-4C98EA1564CA}.Debug|x86.ActiveCfg = Debug
		{D31EAC34-CD16-466D-A5A0-4C98EA1564CA}.Release|Any CPU.ActiveCfg = Release
		{D31EAC34-CD16-466D-A5A0-4C98EA1564CA}.Release|x64.ActiveCfg = Release
		{D31EAC34-CD16-466D-A5A0-4C98EA1564CA}.Release|x86.ActiveCfg = Release
		{8E4F6FC2-921E-43B4-8E52-B978E52C9725}.Debug|Any CPU.ActiveCfg = Debug
		{8E4F6FC2-921E-43B4-8E52-B978E52C9725}.Debug|x64.ActiveCfg = Debug
		{8E4F6FC2-921E-43B4-8E52-B978E52C9725}.Debug|x86.ActiveCfg = Debug
		{8E4F6FC2-921E-43B4-8E52-B978E52C9725}.Release|Any CPU.ActiveCfg = Release
		{8E4F6FC2-921E-43B4-8E52-B978E52C9725}.Release|x64.ActiveCfg = Release
		{8E4F6FC2-921E-43B4-8E52-B978E52C9725}.Release|x86.ActiveCfg = Release
		{FBF31DBD-966B-46DE-9A2D-5A7409141830}.Debug|Any CPU.ActiveCfg = Debug|Any CPU
		{FBF31DBD-966B-46DE-9A2D-5A7409141830}.Debug|Any CPU.Build.0 = Debug|Any CPU
		{FBF31DBD-966B-46DE-9A2D-5A7409141830}.Debug|x64.ActiveCfg = Debug|Any CPU
		{FBF31DBD-966B-46DE-9A2D-5A7409141830}.Debug|x64.Build.0 = Debug|Any CPU
		{FBF31DBD-966B-46DE-9A2D-5A7409141830}.Debug|x86.ActiveCfg = Debug|Any CPU
		{FBF31DBD-966B-46DE-9A2D-5A7409141830}.Debug|x86.Build.0 = Debug|Any CPU
		{FBF31DBD-966B-46DE-9A2D-5A7409141830}.Release|Any CPU.ActiveCfg = Release|Any CPU
		{FBF31DBD-966B-46DE-9A2D-5A7409141830}.Release|Any CPU.Build.0 = Release|Any CPU
		{FBF31DBD-966B-46DE-9A2D-5A7409141830}.Release|x64.ActiveCfg = Release|Any CPU
		{FBF31DBD-966B-46DE-9A2D-5A7409141830}.Release|x64.Build.0 = Release|Any CPU
		{FBF31DBD-966B-46DE-9A2D-5A7409141830}.Release|x86.ActiveCfg = Release|Any CPU
		{FBF31DBD-966B-46DE-9A2D-5A7409141830}.Release|x86.Build.0 = Release|Any CPU
		{3DB2ECDD-31EF-44E9-92F0-9B281E78CB06}.Debug|Any CPU.ActiveCfg = Debug
		{3DB2ECDD-31EF-44E9-92F0-9B281E78CB06}.Debug|x64.ActiveCfg = Debug
		{3DB2ECDD-31EF-44E9-92F0-9B281E78CB06}.Debug|x86.ActiveCfg = Debug
		{3DB2ECDD-31EF-44E9-92F0-9B281E78CB06}.Release|Any CPU.ActiveCfg = Release
		{3DB2ECDD-31EF-44E9-92F0-9B281E78CB06}.Release|x64.ActiveCfg = Release
		{3DB2ECDD-31EF-44E9-92F0-9B281E78CB06}.Release|x86.ActiveCfg = Release
		{60222816-9103-468D-A2CB-FE4E2849B799}.Debug|Any CPU.ActiveCfg = Debug
		{60222816-9103-468D-A2CB-FE4E2849B799}.Debug|Any CPU.Build.0 = Debug
		{60222816-9103-468D-A2CB-FE4E2849B799}.Debug|x64.ActiveCfg = Debug
		{60222816-9103-468D-A2CB-FE4E2849B799}.Debug|x64.Build.0 = Debug
		{60222816-9103-468D-A2CB-FE4E2849B799}.Debug|x86.ActiveCfg = Debug
		{60222816-9103-468D-A2CB-FE4E2849B799}.Debug|x86.Build.0 = Debug
		{60222816-9103-468D-A2CB-FE4E2849B799}.Release|Any CPU.ActiveCfg = Release
		{60222816-9103-468D-A2CB-FE4E2849B799}.Release|Any CPU.Build.0 = Release
		{60222816-9103-468D-A2CB-FE4E2849B799}.Release|x64.ActiveCfg = Release
		{60222816-9103-468D-A2CB-FE4E2849B799}.Release|x64.Build.0 = Release
		{60222816-9103-468D-A2CB-FE4E2849B799}.Release|x86.ActiveCfg = Release
		{60222816-9103-468D-A2CB-FE4E2849B799}.Release|x86.Build.0 = Release
		{A5B4E6EA-E04C-4B32-BA1F-FB3FEA67EDB3}.Debug|Any CPU.ActiveCfg = Debug|Any CPU
		{A5B4E6EA-E04C-4B32-BA1F-FB3FEA67EDB3}.Debug|Any CPU.Build.0 = Debug|Any CPU
		{A5B4E6EA-E04C-4B32-BA1F-FB3FEA67EDB3}.Debug|x64.ActiveCfg = Debug|Any CPU
		{A5B4E6EA-E04C-4B32-BA1F-FB3FEA67EDB3}.Debug|x64.Build.0 = Debug|Any CPU
		{A5B4E6EA-E04C-4B32-BA1F-FB3FEA67EDB3}.Debug|x86.ActiveCfg = Debug|Any CPU
		{A5B4E6EA-E04C-4B32-BA1F-FB3FEA67EDB3}.Debug|x86.Build.0 = Debug|Any CPU
		{A5B4E6EA-E04C-4B32-BA1F-FB3FEA67EDB3}.Release|Any CPU.ActiveCfg = Release|Any CPU
		{A5B4E6EA-E04C-4B32-BA1F-FB3FEA67EDB3}.Release|Any CPU.Build.0 = Release|Any CPU
		{A5B4E6EA-E04C-4B32-BA1F-FB3FEA67EDB3}.Release|x64.ActiveCfg = Release|Any CPU
		{A5B4E6EA-E04C-4B32-BA1F-FB3FEA67EDB3}.Release|x64.Build.0 = Release|Any CPU
		{A5B4E6EA-E04C-4B32-BA1F-FB3FEA67EDB3}.Release|x86.ActiveCfg = Release|Any CPU
		{A5B4E6EA-E04C-4B32-BA1F-FB3FEA67EDB3}.Release|x86.Build.0 = Release|Any CPU
		{7FA901A0-FA2F-4372-8E7B-66311CC9B57C}.Debug|Any CPU.ActiveCfg = Debug|Any CPU
		{7FA901A0-FA2F-4372-8E7B-66311CC9B57C}.Debug|Any CPU.Build.0 = Debug|Any CPU
		{7FA901A0-FA2F-4372-8E7B-66311CC9B57C}.Debug|x64.ActiveCfg = Debug|Any CPU
		{7FA901A0-FA2F-4372-8E7B-66311CC9B57C}.Debug|x64.Build.0 = Debug|Any CPU
		{7FA901A0-FA2F-4372-8E7B-66311CC9B57C}.Debug|x86.ActiveCfg = Debug|Any CPU
		{7FA901A0-FA2F-4372-8E7B-66311CC9B57C}.Debug|x86.Build.0 = Debug|Any CPU
		{7FA901A0-FA2F-4372-8E7B-66311CC9B57C}.Release|Any CPU.ActiveCfg = Release|Any CPU
		{7FA901A0-FA2F-4372-8E7B-66311CC9B57C}.Release|Any CPU.Build.0 = Release|Any CPU
		{7FA901A0-FA2F-4372-8E7B-66311CC9B57C}.Release|x64.ActiveCfg = Release|Any CPU
		{7FA901A0-FA2F-4372-8E7B-66311CC9B57C}.Release|x64.Build.0 = Release|Any CPU
		{7FA901A0-FA2F-4372-8E7B-66311CC9B57C}.Release|x86.ActiveCfg = Release|Any CPU
		{7FA901A0-FA2F-4372-8E7B-66311CC9B57C}.Release|x86.Build.0 = Release|Any CPU
		{B8A12DAF-2C59-4061-8E3E-B3EF2AF1CB7C}.Debug|Any CPU.ActiveCfg = Debug|Any CPU
		{B8A12DAF-2C59-4061-8E3E-B3EF2AF1CB7C}.Debug|Any CPU.Build.0 = Debug|Any CPU
		{B8A12DAF-2C59-4061-8E3E-B3EF2AF1CB7C}.Debug|x64.ActiveCfg = Debug|Any CPU
		{B8A12DAF-2C59-4061-8E3E-B3EF2AF1CB7C}.Debug|x64.Build.0 = Debug|Any CPU
		{B8A12DAF-2C59-4061-8E3E-B3EF2AF1CB7C}.Debug|x86.ActiveCfg = Debug|Any CPU
		{B8A12DAF-2C59-4061-8E3E-B3EF2AF1CB7C}.Debug|x86.Build.0 = Debug|Any CPU
		{B8A12DAF-2C59-4061-8E3E-B3EF2AF1CB7C}.Release|Any CPU.ActiveCfg = Release|Any CPU
		{B8A12DAF-2C59-4061-8E3E-B3EF2AF1CB7C}.Release|Any CPU.Build.0 = Release|Any CPU
		{B8A12DAF-2C59-4061-8E3E-B3EF2AF1CB7C}.Release|x64.ActiveCfg = Release|Any CPU
		{B8A12DAF-2C59-4061-8E3E-B3EF2AF1CB7C}.Release|x64.Build.0 = Release|Any CPU
		{B8A12DAF-2C59-4061-8E3E-B3EF2AF1CB7C}.Release|x86.ActiveCfg = Release|Any CPU
		{B8A12DAF-2C59-4061-8E3E-B3EF2AF1CB7C}.Release|x86.Build.0 = Release|Any CPU
		{F620E40E-6BD5-4549-93C2-2A5F22FC404A}.Debug|Any CPU.ActiveCfg = Debug|Any CPU
		{F620E40E-6BD5-4549-93C2-2A5F22FC404A}.Debug|Any CPU.Build.0 = Debug|Any CPU
		{F620E40E-6BD5-4549-93C2-2A5F22FC404A}.Debug|x64.ActiveCfg = Debug|Any CPU
		{F620E40E-6BD5-4549-93C2-2A5F22FC404A}.Debug|x64.Build.0 = Debug|Any CPU
		{F620E40E-6BD5-4549-93C2-2A5F22FC404A}.Debug|x86.ActiveCfg = Debug|Any CPU
		{F620E40E-6BD5-4549-93C2-2A5F22FC404A}.Debug|x86.Build.0 = Debug|Any CPU
		{F620E40E-6BD5-4549-93C2-2A5F22FC404A}.Release|Any CPU.ActiveCfg = Release|Any CPU
		{F620E40E-6BD5-4549-93C2-2A5F22FC404A}.Release|Any CPU.Build.0 = Release|Any CPU
		{F620E40E-6BD5-4549-93C2-2A5F22FC404A}.Release|x64.ActiveCfg = Release|Any CPU
		{F620E40E-6BD5-4549-93C2-2A5F22FC404A}.Release|x64.Build.0 = Release|Any CPU
		{F620E40E-6BD5-4549-93C2-2A5F22FC404A}.Release|x86.ActiveCfg = Release|Any CPU
		{F620E40E-6BD5-4549-93C2-2A5F22FC404A}.Release|x86.Build.0 = Release|Any CPU
		{86CC3137-2CED-440F-9B6C-A543A5AE4EA5}.Debug|Any CPU.ActiveCfg = Debug|Any CPU
		{86CC3137-2CED-440F-9B6C-A543A5AE4EA5}.Debug|Any CPU.Build.0 = Debug|Any CPU
		{86CC3137-2CED-440F-9B6C-A543A5AE4EA5}.Debug|x64.ActiveCfg = Debug|Any CPU
		{86CC3137-2CED-440F-9B6C-A543A5AE4EA5}.Debug|x64.Build.0 = Debug|Any CPU
		{86CC3137-2CED-440F-9B6C-A543A5AE4EA5}.Debug|x86.ActiveCfg = Debug|Any CPU
		{86CC3137-2CED-440F-9B6C-A543A5AE4EA5}.Debug|x86.Build.0 = Debug|Any CPU
		{86CC3137-2CED-440F-9B6C-A543A5AE4EA5}.Release|Any CPU.ActiveCfg = Release|Any CPU
		{86CC3137-2CED-440F-9B6C-A543A5AE4EA5}.Release|Any CPU.Build.0 = Release|Any CPU
		{86CC3137-2CED-440F-9B6C-A543A5AE4EA5}.Release|x64.ActiveCfg = Release|Any CPU
		{86CC3137-2CED-440F-9B6C-A543A5AE4EA5}.Release|x64.Build.0 = Release|Any CPU
		{86CC3137-2CED-440F-9B6C-A543A5AE4EA5}.Release|x86.ActiveCfg = Release|Any CPU
		{86CC3137-2CED-440F-9B6C-A543A5AE4EA5}.Release|x86.Build.0 = Release|Any CPU
		{813F1946-698E-4B7F-90D0-745FFA6CBA92}.Debug|Any CPU.ActiveCfg = Debug|Any CPU
		{813F1946-698E-4B7F-90D0-745FFA6CBA92}.Debug|Any CPU.Build.0 = Debug|Any CPU
		{813F1946-698E-4B7F-90D0-745FFA6CBA92}.Debug|x64.ActiveCfg = Debug|Any CPU
		{813F1946-698E-4B7F-90D0-745FFA6CBA92}.Debug|x64.Build.0 = Debug|Any CPU
		{813F1946-698E-4B7F-90D0-745FFA6CBA92}.Debug|x86.ActiveCfg = Debug|Any CPU
		{813F1946-698E-4B7F-90D0-745FFA6CBA92}.Debug|x86.Build.0 = Debug|Any CPU
		{813F1946-698E-4B7F-90D0-745FFA6CBA92}.Release|Any CPU.ActiveCfg = Release|Any CPU
		{813F1946-698E-4B7F-90D0-745FFA6CBA92}.Release|Any CPU.Build.0 = Release|Any CPU
		{813F1946-698E-4B7F-90D0-745FFA6CBA92}.Release|x64.ActiveCfg = Release|Any CPU
		{813F1946-698E-4B7F-90D0-745FFA6CBA92}.Release|x64.Build.0 = Release|Any CPU
		{813F1946-698E-4B7F-90D0-745FFA6CBA92}.Release|x86.ActiveCfg = Release|Any CPU
		{813F1946-698E-4B7F-90D0-745FFA6CBA92}.Release|x86.Build.0 = Release|Any CPU
		{4B0C5246-B4D9-4B93-B101-606CA88B21F7}.Debug|Any CPU.ActiveCfg = Debug|Any CPU
		{4B0C5246-B4D9-4B93-B101-606CA88B21F7}.Debug|Any CPU.Build.0 = Debug|Any CPU
		{4B0C5246-B4D9-4B93-B101-606CA88B21F7}.Debug|x64.ActiveCfg = Debug|Any CPU
		{4B0C5246-B4D9-4B93-B101-606CA88B21F7}.Debug|x64.Build.0 = Debug|Any CPU
		{4B0C5246-B4D9-4B93-B101-606CA88B21F7}.Debug|x86.ActiveCfg = Debug|Any CPU
		{4B0C5246-B4D9-4B93-B101-606CA88B21F7}.Debug|x86.Build.0 = Debug|Any CPU
		{4B0C5246-B4D9-4B93-B101-606CA88B21F7}.Release|Any CPU.ActiveCfg = Release|Any CPU
		{4B0C5246-B4D9-4B93-B101-606CA88B21F7}.Release|Any CPU.Build.0 = Release|Any CPU
		{4B0C5246-B4D9-4B93-B101-606CA88B21F7}.Release|x64.ActiveCfg = Release|Any CPU
		{4B0C5246-B4D9-4B93-B101-606CA88B21F7}.Release|x64.Build.0 = Release|Any CPU
		{4B0C5246-B4D9-4B93-B101-606CA88B21F7}.Release|x86.ActiveCfg = Release|Any CPU
		{4B0C5246-B4D9-4B93-B101-606CA88B21F7}.Release|x86.Build.0 = Release|Any CPU
		{228221D7-99BC-4078-AF1C-228BD69D6C71}.Debug|Any CPU.ActiveCfg = Debug|Any CPU
		{228221D7-99BC-4078-AF1C-228BD69D6C71}.Debug|Any CPU.Build.0 = Debug|Any CPU
		{228221D7-99BC-4078-AF1C-228BD69D6C71}.Debug|x64.ActiveCfg = Debug|Any CPU
		{228221D7-99BC-4078-AF1C-228BD69D6C71}.Debug|x64.Build.0 = Debug|Any CPU
		{228221D7-99BC-4078-AF1C-228BD69D6C71}.Debug|x86.ActiveCfg = Debug|Any CPU
		{228221D7-99BC-4078-AF1C-228BD69D6C71}.Debug|x86.Build.0 = Debug|Any CPU
		{228221D7-99BC-4078-AF1C-228BD69D6C71}.Release|Any CPU.ActiveCfg = Release|Any CPU
		{228221D7-99BC-4078-AF1C-228BD69D6C71}.Release|Any CPU.Build.0 = Release|Any CPU
		{228221D7-99BC-4078-AF1C-228BD69D6C71}.Release|x64.ActiveCfg = Release|Any CPU
		{228221D7-99BC-4078-AF1C-228BD69D6C71}.Release|x64.Build.0 = Release|Any CPU
		{228221D7-99BC-4078-AF1C-228BD69D6C71}.Release|x86.ActiveCfg = Release|Any CPU
		{228221D7-99BC-4078-AF1C-228BD69D6C71}.Release|x86.Build.0 = Release|Any CPU
	EndGlobalSection
	GlobalSection(SolutionProperties) = preSolution
		HideSolutionNode = FALSE
	EndGlobalSection
	GlobalSection(NestedProjects) = preSolution
		{D3EE2A06-D617-45F8-879E-8D0931BC8982} = {C52A98B0-4E57-4C28-AAB8-C531A17D3536}
		{478816D0-3A16-4B65-9826-8F90FBA2BF29} = {C52A98B0-4E57-4C28-AAB8-C531A17D3536}
		{6FA859E1-D353-4215-9EF2-BC178CA314B0} = {6BDAA0B1-51E8-4A84-BC13-84C96744C0EB}
		{18D558B1-B70A-474C-BCEA-65D47654AF68} = {C52A98B0-4E57-4C28-AAB8-C531A17D3536}
		{B0B842D8-3A40-47EC-BC69-17889A43A197} = {C52A98B0-4E57-4C28-AAB8-C531A17D3536}
		{D31EAC34-CD16-466D-A5A0-4C98EA1564CA} = {6BDAA0B1-51E8-4A84-BC13-84C96744C0EB}
		{8E4F6FC2-921E-43B4-8E52-B978E52C9725} = {6BDAA0B1-51E8-4A84-BC13-84C96744C0EB}
		{3DB2ECDD-31EF-44E9-92F0-9B281E78CB06} = {6BDAA0B1-51E8-4A84-BC13-84C96744C0EB}
		{60222816-9103-468D-A2CB-FE4E2849B799} = {6BDAA0B1-51E8-4A84-BC13-84C96744C0EB}
		{FD9D87BB-D81B-4A6D-B750-C2AE85D645B1} = {C52A98B0-4E57-4C28-AAB8-C531A17D3536}
		{86CC3137-2CED-440F-9B6C-A543A5AE4EA5} = {FD9D87BB-D81B-4A6D-B750-C2AE85D645B1}
		{813F1946-698E-4B7F-90D0-745FFA6CBA92} = {FD9D87BB-D81B-4A6D-B750-C2AE85D645B1}
	EndGlobalSection
EndGlobal
