
Microsoft Visual Studio Solution File, Format Version 12.00
# Visual Studio 14
VisualStudioVersion = 14.0.24720.0
MinimumVisualStudioVersion = 10.0.40219.1
Project("{FAE04EC0-301F-11D3-BF4B-00C04F79EFBC}") = "UNET_Trainer", "UNET_Trainer\UNET_Trainer.csproj", "{A1EE7471-9FFF-4C2A-A49B-F2C07F4E1238}"
EndProject
Project("{FAE04EC0-301F-11D3-BF4B-00C04F79EFBC}") = "UNET_Server", "UNET_Server\UNET_Server.csproj", "{CDFB319E-B84C-4341-9BD6-41C7C543BA14}"
EndProject
Project("{FAE04EC0-301F-11D3-BF4B-00C04F79EFBC}") = "SIP_Tester", "SIP_Tester\SIP_Tester.csproj", "{D3EE2A06-D617-45F8-879E-8D0931BC8982}"
EndProject
Project("{FAE04EC0-301F-11D3-BF4B-00C04F79EFBC}") = "FgDotNetControls", "FgDotNetControls\FgDotNetControls.csproj", "{478816D0-3A16-4B65-9826-8F90FBA2BF29}"
EndProject
Project("{FAE04EC0-301F-11D3-BF4B-00C04F79EFBC}") = "UNET_TrainerClient", "UNET_TrainerClient\UNET_TrainerClient.csproj", "{9F0500DC-79C7-4237-88B3-D3AAB9A84234}"
EndProject
Global
	GlobalSection(SolutionConfigurationPlatforms) = preSolution
		Debug|Any CPU = Debug|Any CPU
		Release|Any CPU = Release|Any CPU
	EndGlobalSection
	GlobalSection(ProjectConfigurationPlatforms) = postSolution
		{A1EE7471-9FFF-4C2A-A49B-F2C07F4E1238}.Debug|Any CPU.ActiveCfg = Debug|Any CPU
		{A1EE7471-9FFF-4C2A-A49B-F2C07F4E1238}.Debug|Any CPU.Build.0 = Debug|Any CPU
		{A1EE7471-9FFF-4C2A-A49B-F2C07F4E1238}.Release|Any CPU.ActiveCfg = Release|Any CPU
		{A1EE7471-9FFF-4C2A-A49B-F2C07F4E1238}.Release|Any CPU.Build.0 = Release|Any CPU
		{CDFB319E-B84C-4341-9BD6-41C7C543BA14}.Debug|Any CPU.ActiveCfg = Debug|Any CPU
		{CDFB319E-B84C-4341-9BD6-41C7C543BA14}.Debug|Any CPU.Build.0 = Debug|Any CPU
		{CDFB319E-B84C-4341-9BD6-41C7C543BA14}.Release|Any CPU.ActiveCfg = Release|Any CPU
		{CDFB319E-B84C-4341-9BD6-41C7C543BA14}.Release|Any CPU.Build.0 = Release|Any CPU
		{D3EE2A06-D617-45F8-879E-8D0931BC8982}.Debug|Any CPU.ActiveCfg = Debug|Any CPU
		{D3EE2A06-D617-45F8-879E-8D0931BC8982}.Debug|Any CPU.Build.0 = Debug|Any CPU
		{D3EE2A06-D617-45F8-879E-8D0931BC8982}.Release|Any CPU.ActiveCfg = Release|Any CPU
		{D3EE2A06-D617-45F8-879E-8D0931BC8982}.Release|Any CPU.Build.0 = Release|Any CPU
		{478816D0-3A16-4B65-9826-8F90FBA2BF29}.Debug|Any CPU.ActiveCfg = Debug|Any CPU
		{478816D0-3A16-4B65-9826-8F90FBA2BF29}.Debug|Any CPU.Build.0 = Debug|Any CPU
		{478816D0-3A16-4B65-9826-8F90FBA2BF29}.Release|Any CPU.ActiveCfg = Release|Any CPU
		{478816D0-3A16-4B65-9826-8F90FBA2BF29}.Release|Any CPU.Build.0 = Release|Any CPU
		{9F0500DC-79C7-4237-88B3-D3AAB9A84234}.Debug|Any CPU.ActiveCfg = Debug|Any CPU
		{9F0500DC-79C7-4237-88B3-D3AAB9A84234}.Debug|Any CPU.Build.0 = Debug|Any CPU
		{9F0500DC-79C7-4237-88B3-D3AAB9A84234}.Release|Any CPU.ActiveCfg = Release|Any CPU
		{9F0500DC-79C7-4237-88B3-D3AAB9A84234}.Release|Any CPU.Build.0 = Release|Any CPU
	EndGlobalSection
	GlobalSection(SolutionProperties) = preSolution
		HideSolutionNode = FALSE
	EndGlobalSection
EndGlobal
