
Microsoft Visual Studio Solution File, Format Version 12.00
# Visual Studio 14
VisualStudioVersion = 14.0.24720.0
MinimumVisualStudioVersion = 10.0.40219.1
Project("{FAE04EC0-301F-11D3-BF4B-00C04F79EFBC}") = "UNET_Trainer_Instructor", "UNET_Trainer\UNET_Trainer_Instructor.csproj", "{A1EE7471-9FFF-4C2A-A49B-F2C07F4E1238}"
	ProjectSection(ProjectDependencies) = postProject
		{228221D7-99BC-4078-AF1C-228BD69D6C71} = {228221D7-99BC-4078-AF1C-228BD69D6C71}
	EndProjectSection
EndProject
Project("{FAE04EC0-301F-11D3-BF4B-00C04F79EFBC}") = "SIP_Tester", "SIP_Tester\SIP_Tester.csproj", "{D3EE2A06-D617-45F8-879E-8D0931BC8982}"
EndProject
Project("{FAE04EC0-301F-11D3-BF4B-00C04F79EFBC}") = "FgDotNetControls", "FgDotNetControls\FgDotNetControls.csproj", "{478816D0-3A16-4B65-9826-8F90FBA2BF29}"
EndProject
Project("{54435603-DBB4-11D2-8724-00A0C9A8B90C}") = "SetupSIPTester", "SetupSIPTester\SetupSIPTester.vdproj", "{6FA859E1-D353-4215-9EF2-BC178CA314B0}"
EndProject
Project("{F184B08F-C81C-45F6-A57F-5ABD9991F28F}") = "incoming_call", "incoming_call\incoming_call.vbproj", "{18D558B1-B70A-474C-BCEA-65D47654AF68}"
EndProject
Project("{FAE04EC0-301F-11D3-BF4B-00C04F79EFBC}") = "UNET_Tester", "UNET_Tester\UNET_Tester.csproj", "{A846E562-3039-46A3-8802-9798845EF969}"
	ProjectSection(ProjectDependencies) = postProject
		{228221D7-99BC-4078-AF1C-228BD69D6C71} = {228221D7-99BC-4078-AF1C-228BD69D6C71}
	EndProjectSection
EndProject
Project("{FAE04EC0-301F-11D3-BF4B-00C04F79EFBC}") = "UNET_Trainer_Trainee", "UNET_Trainer_Trainee\UNET_Trainer_Trainee.csproj", "{A56B87B3-C303-4414-948C-923639D7E069}"
	ProjectSection(ProjectDependencies) = postProject
		{228221D7-99BC-4078-AF1C-228BD69D6C71} = {228221D7-99BC-4078-AF1C-228BD69D6C71}
	EndProjectSection
EndProject
Project("{FAE04EC0-301F-11D3-BF4B-00C04F79EFBC}") = "SipekSdk", "SipekSDK\SipekSdk.csproj", "{B0B842D8-3A40-47EC-BC69-17889A43A197}"
EndProject
Project("{FAE04EC0-301F-11D3-BF4B-00C04F79EFBC}") = "UNET_Service", "UNET_Service\UNET_Service.csproj", "{228221D7-99BC-4078-AF1C-228BD69D6C71}"
EndProject
Project("{FAE04EC0-301F-11D3-BF4B-00C04F79EFBC}") = "UNET_Classes", "UNET_Classes\UNET_Classes.csproj", "{2960B03B-9B75-49EB-ADFC-4F03269762EA}"
EndProject
Project("{FAE04EC0-301F-11D3-BF4B-00C04F79EFBC}") = "PJSUA2Implementation", "PJSUA2Implementation\PJSUA2Implementation.csproj", "{05BD2036-6F02-4E59-849E-AB226CE50EC5}"
EndProject
Project("{FAE04EC0-301F-11D3-BF4B-00C04F79EFBC}") = "UNET_ConferenceBridge", "UNET_ConferenceBridge\UNET_ConferenceBridge.csproj", "{D7F73F50-13CF-4555-8D9A-8AB4CC5122C9}"
EndProject
Project("{FAE04EC0-301F-11D3-BF4B-00C04F79EFBC}") = "UNET_SignalGenerator", "UNET_SignalGenerator\UNET_SignalGenerator.csproj", "{360517A6-76CB-4FB5-A347-FE18DADD9F2E}"
EndProject
Project("{54435603-DBB4-11D2-8724-00A0C9A8B90C}") = "SetupUNET_Trainee", "SetupUNET_Trainee\SetupUNET_Trainee.vdproj", "{D31EAC34-CD16-466D-A5A0-4C98EA1564CA}"
EndProject
Project("{54435603-DBB4-11D2-8724-00A0C9A8B90C}") = "SetupUNET_Instructor", "Setup_UNET_Instructor\Setup_UNET_Instructor.vdproj", "{2F31095F-1927-45AC-8A75-FA6249866C3F}"
EndProject
Project("{54435603-DBB4-11D2-8724-00A0C9A8B90C}") = "SetupUNET_Tester", "SetupUNET_Tester\SetupUNET_Tester.vdproj", "{8E4F6FC2-921E-43B4-8E52-B978E52C9725}"
EndProject
Project("{FAE04EC0-301F-11D3-BF4B-00C04F79EFBC}") = "TestPJSUA2", "TestPJSUA2\TestPJSUA2.csproj", "{FBF31DBD-966B-46DE-9A2D-5A7409141830}"
EndProject
Project("{54435603-DBB4-11D2-8724-00A0C9A8B90C}") = "SetupTestPJSUA2", "SetupTestPJSUA2\SetupTestPJSUA2.vdproj", "{3DB2ECDD-31EF-44E9-92F0-9B281E78CB06}"
EndProject
Global
	GlobalSection(SolutionConfigurationPlatforms) = preSolution
		Debug|Any CPU = Debug|Any CPU
		Debug|x64 = Debug|x64
		Debug|x86 = Debug|x86
		Release|Any CPU = Release|Any CPU
		Release|x64 = Release|x64
		Release|x86 = Release|x86
	EndGlobalSection
	GlobalSection(ProjectConfigurationPlatforms) = postSolution
		{A1EE7471-9FFF-4C2A-A49B-F2C07F4E1238}.Debug|Any CPU.ActiveCfg = Debug|Any CPU
		{A1EE7471-9FFF-4C2A-A49B-F2C07F4E1238}.Debug|Any CPU.Build.0 = Debug|Any CPU
		{A1EE7471-9FFF-4C2A-A49B-F2C07F4E1238}.Debug|x64.ActiveCfg = Debug|Any CPU
		{A1EE7471-9FFF-4C2A-A49B-F2C07F4E1238}.Debug|x64.Build.0 = Debug|Any CPU
		{A1EE7471-9FFF-4C2A-A49B-F2C07F4E1238}.Debug|x86.ActiveCfg = Debug|Any CPU
		{A1EE7471-9FFF-4C2A-A49B-F2C07F4E1238}.Debug|x86.Build.0 = Debug|Any CPU
		{A1EE7471-9FFF-4C2A-A49B-F2C07F4E1238}.Release|Any CPU.ActiveCfg = Release|Any CPU
		{A1EE7471-9FFF-4C2A-A49B-F2C07F4E1238}.Release|Any CPU.Build.0 = Release|Any CPU
		{A1EE7471-9FFF-4C2A-A49B-F2C07F4E1238}.Release|x64.ActiveCfg = Release|Any CPU
		{A1EE7471-9FFF-4C2A-A49B-F2C07F4E1238}.Release|x64.Build.0 = Release|Any CPU
		{A1EE7471-9FFF-4C2A-A49B-F2C07F4E1238}.Release|x86.ActiveCfg = Release|Any CPU
		{A1EE7471-9FFF-4C2A-A49B-F2C07F4E1238}.Release|x86.Build.0 = Release|Any CPU
		{D3EE2A06-D617-45F8-879E-8D0931BC8982}.Debug|Any CPU.ActiveCfg = Debug|Any CPU
		{D3EE2A06-D617-45F8-879E-8D0931BC8982}.Debug|Any CPU.Build.0 = Debug|Any CPU
		{D3EE2A06-D617-45F8-879E-8D0931BC8982}.Debug|x64.ActiveCfg = Debug|Any CPU
		{D3EE2A06-D617-45F8-879E-8D0931BC8982}.Debug|x64.Build.0 = Debug|Any CPU
		{D3EE2A06-D617-45F8-879E-8D0931BC8982}.Debug|x86.ActiveCfg = Debug|Any CPU
		{D3EE2A06-D617-45F8-879E-8D0931BC8982}.Debug|x86.Build.0 = Debug|Any CPU
		{D3EE2A06-D617-45F8-879E-8D0931BC8982}.Release|Any CPU.ActiveCfg = Release|Any CPU
		{D3EE2A06-D617-45F8-879E-8D0931BC8982}.Release|Any CPU.Build.0 = Release|Any CPU
		{D3EE2A06-D617-45F8-879E-8D0931BC8982}.Release|x64.ActiveCfg = Release|Any CPU
		{D3EE2A06-D617-45F8-879E-8D0931BC8982}.Release|x64.Build.0 = Release|Any CPU
		{D3EE2A06-D617-45F8-879E-8D0931BC8982}.Release|x86.ActiveCfg = Release|Any CPU
		{D3EE2A06-D617-45F8-879E-8D0931BC8982}.Release|x86.Build.0 = Release|Any CPU
		{478816D0-3A16-4B65-9826-8F90FBA2BF29}.Debug|Any CPU.ActiveCfg = Debug|Any CPU
		{478816D0-3A16-4B65-9826-8F90FBA2BF29}.Debug|Any CPU.Build.0 = Debug|Any CPU
		{478816D0-3A16-4B65-9826-8F90FBA2BF29}.Debug|x64.ActiveCfg = Debug|Any CPU
		{478816D0-3A16-4B65-9826-8F90FBA2BF29}.Debug|x64.Build.0 = Debug|Any CPU
		{478816D0-3A16-4B65-9826-8F90FBA2BF29}.Debug|x86.ActiveCfg = Debug|Any CPU
		{478816D0-3A16-4B65-9826-8F90FBA2BF29}.Debug|x86.Build.0 = Debug|Any CPU
		{478816D0-3A16-4B65-9826-8F90FBA2BF29}.Release|Any CPU.ActiveCfg = Release|Any CPU
		{478816D0-3A16-4B65-9826-8F90FBA2BF29}.Release|Any CPU.Build.0 = Release|Any CPU
		{478816D0-3A16-4B65-9826-8F90FBA2BF29}.Release|x64.ActiveCfg = Release|Any CPU
		{478816D0-3A16-4B65-9826-8F90FBA2BF29}.Release|x64.Build.0 = Release|Any CPU
		{478816D0-3A16-4B65-9826-8F90FBA2BF29}.Release|x86.ActiveCfg = Release|Any CPU
		{478816D0-3A16-4B65-9826-8F90FBA2BF29}.Release|x86.Build.0 = Release|Any CPU
		{6FA859E1-D353-4215-9EF2-BC178CA314B0}.Debug|Any CPU.ActiveCfg = Debug
		{6FA859E1-D353-4215-9EF2-BC178CA314B0}.Debug|x64.ActiveCfg = Debug
		{6FA859E1-D353-4215-9EF2-BC178CA314B0}.Debug|x64.Build.0 = Debug
		{6FA859E1-D353-4215-9EF2-BC178CA314B0}.Debug|x86.ActiveCfg = Debug
		{6FA859E1-D353-4215-9EF2-BC178CA314B0}.Debug|x86.Build.0 = Debug
		{6FA859E1-D353-4215-9EF2-BC178CA314B0}.Release|Any CPU.ActiveCfg = Release
		{6FA859E1-D353-4215-9EF2-BC178CA314B0}.Release|x64.ActiveCfg = Release
		{6FA859E1-D353-4215-9EF2-BC178CA314B0}.Release|x64.Build.0 = Release
		{6FA859E1-D353-4215-9EF2-BC178CA314B0}.Release|x86.ActiveCfg = Release
		{6FA859E1-D353-4215-9EF2-BC178CA314B0}.Release|x86.Build.0 = Release
		{18D558B1-B70A-474C-BCEA-65D47654AF68}.Debug|Any CPU.ActiveCfg = Debug|x86
		{18D558B1-B70A-474C-BCEA-65D47654AF68}.Debug|x64.ActiveCfg = Debug|x86
		{18D558B1-B70A-474C-BCEA-65D47654AF68}.Debug|x86.ActiveCfg = Debug|x86
		{18D558B1-B70A-474C-BCEA-65D47654AF68}.Debug|x86.Build.0 = Debug|x86
		{18D558B1-B70A-474C-BCEA-65D47654AF68}.Release|Any CPU.ActiveCfg = Release|x86
		{18D558B1-B70A-474C-BCEA-65D47654AF68}.Release|x64.ActiveCfg = Release|x86
		{18D558B1-B70A-474C-BCEA-65D47654AF68}.Release|x86.ActiveCfg = Release|x86
		{18D558B1-B70A-474C-BCEA-65D47654AF68}.Release|x86.Build.0 = Release|x86
		{A846E562-3039-46A3-8802-9798845EF969}.Debug|Any CPU.ActiveCfg = Debug|Any CPU
		{A846E562-3039-46A3-8802-9798845EF969}.Debug|Any CPU.Build.0 = Debug|Any CPU
		{A846E562-3039-46A3-8802-9798845EF969}.Debug|x64.ActiveCfg = Debug|Any CPU
		{A846E562-3039-46A3-8802-9798845EF969}.Debug|x64.Build.0 = Debug|Any CPU
		{A846E562-3039-46A3-8802-9798845EF969}.Debug|x86.ActiveCfg = Debug|Any CPU
		{A846E562-3039-46A3-8802-9798845EF969}.Debug|x86.Build.0 = Debug|Any CPU
		{A846E562-3039-46A3-8802-9798845EF969}.Release|Any CPU.ActiveCfg = Release|Any CPU
		{A846E562-3039-46A3-8802-9798845EF969}.Release|Any CPU.Build.0 = Release|Any CPU
		{A846E562-3039-46A3-8802-9798845EF969}.Release|x64.ActiveCfg = Release|Any CPU
		{A846E562-3039-46A3-8802-9798845EF969}.Release|x64.Build.0 = Release|Any CPU
		{A846E562-3039-46A3-8802-9798845EF969}.Release|x86.ActiveCfg = Release|Any CPU
		{A846E562-3039-46A3-8802-9798845EF969}.Release|x86.Build.0 = Release|Any CPU
		{A56B87B3-C303-4414-948C-923639D7E069}.Debug|Any CPU.ActiveCfg = Debug|Any CPU
		{A56B87B3-C303-4414-948C-923639D7E069}.Debug|Any CPU.Build.0 = Debug|Any CPU
		{A56B87B3-C303-4414-948C-923639D7E069}.Debug|x64.ActiveCfg = Debug|Any CPU
		{A56B87B3-C303-4414-948C-923639D7E069}.Debug|x64.Build.0 = Debug|Any CPU
		{A56B87B3-C303-4414-948C-923639D7E069}.Debug|x86.ActiveCfg = Debug|Any CPU
		{A56B87B3-C303-4414-948C-923639D7E069}.Debug|x86.Build.0 = Debug|Any CPU
		{A56B87B3-C303-4414-948C-923639D7E069}.Release|Any CPU.ActiveCfg = Release|Any CPU
		{A56B87B3-C303-4414-948C-923639D7E069}.Release|Any CPU.Build.0 = Release|Any CPU
		{A56B87B3-C303-4414-948C-923639D7E069}.Release|x64.ActiveCfg = Release|Any CPU
		{A56B87B3-C303-4414-948C-923639D7E069}.Release|x64.Build.0 = Release|Any CPU
		{A56B87B3-C303-4414-948C-923639D7E069}.Release|x86.ActiveCfg = Release|Any CPU
		{A56B87B3-C303-4414-948C-923639D7E069}.Release|x86.Build.0 = Release|Any CPU
		{B0B842D8-3A40-47EC-BC69-17889A43A197}.Debug|Any CPU.ActiveCfg = Debug|Any CPU
		{B0B842D8-3A40-47EC-BC69-17889A43A197}.Debug|Any CPU.Build.0 = Debug|Any CPU
		{B0B842D8-3A40-47EC-BC69-17889A43A197}.Debug|x64.ActiveCfg = Debug|Any CPU
		{B0B842D8-3A40-47EC-BC69-17889A43A197}.Debug|x64.Build.0 = Debug|Any CPU
		{B0B842D8-3A40-47EC-BC69-17889A43A197}.Debug|x86.ActiveCfg = Debug|Any CPU
		{B0B842D8-3A40-47EC-BC69-17889A43A197}.Debug|x86.Build.0 = Debug|Any CPU
		{B0B842D8-3A40-47EC-BC69-17889A43A197}.Release|Any CPU.ActiveCfg = Release|Any CPU
		{B0B842D8-3A40-47EC-BC69-17889A43A197}.Release|Any CPU.Build.0 = Release|Any CPU
		{B0B842D8-3A40-47EC-BC69-17889A43A197}.Release|x64.ActiveCfg = Release|Any CPU
		{B0B842D8-3A40-47EC-BC69-17889A43A197}.Release|x64.Build.0 = Release|Any CPU
		{B0B842D8-3A40-47EC-BC69-17889A43A197}.Release|x86.ActiveCfg = Release|Any CPU
		{B0B842D8-3A40-47EC-BC69-17889A43A197}.Release|x86.Build.0 = Release|Any CPU
		{228221D7-99BC-4078-AF1C-228BD69D6C71}.Debug|Any CPU.ActiveCfg = Debug|Any CPU
		{228221D7-99BC-4078-AF1C-228BD69D6C71}.Debug|Any CPU.Build.0 = Debug|Any CPU
		{228221D7-99BC-4078-AF1C-228BD69D6C71}.Debug|x64.ActiveCfg = Debug|Any CPU
		{228221D7-99BC-4078-AF1C-228BD69D6C71}.Debug|x64.Build.0 = Debug|Any CPU
		{228221D7-99BC-4078-AF1C-228BD69D6C71}.Debug|x86.ActiveCfg = Debug|Any CPU
		{228221D7-99BC-4078-AF1C-228BD69D6C71}.Debug|x86.Build.0 = Debug|Any CPU
		{228221D7-99BC-4078-AF1C-228BD69D6C71}.Release|Any CPU.ActiveCfg = Release|Any CPU
		{228221D7-99BC-4078-AF1C-228BD69D6C71}.Release|Any CPU.Build.0 = Release|Any CPU
		{228221D7-99BC-4078-AF1C-228BD69D6C71}.Release|x64.ActiveCfg = Release|Any CPU
		{228221D7-99BC-4078-AF1C-228BD69D6C71}.Release|x64.Build.0 = Release|Any CPU
		{228221D7-99BC-4078-AF1C-228BD69D6C71}.Release|x86.ActiveCfg = Release|Any CPU
		{228221D7-99BC-4078-AF1C-228BD69D6C71}.Release|x86.Build.0 = Release|Any CPU
		{2960B03B-9B75-49EB-ADFC-4F03269762EA}.Debug|Any CPU.ActiveCfg = Debug|Any CPU
		{2960B03B-9B75-49EB-ADFC-4F03269762EA}.Debug|Any CPU.Build.0 = Debug|Any CPU
		{2960B03B-9B75-49EB-ADFC-4F03269762EA}.Debug|x64.ActiveCfg = Debug|Any CPU
		{2960B03B-9B75-49EB-ADFC-4F03269762EA}.Debug|x64.Build.0 = Debug|Any CPU
		{2960B03B-9B75-49EB-ADFC-4F03269762EA}.Debug|x86.ActiveCfg = Debug|Any CPU
		{2960B03B-9B75-49EB-ADFC-4F03269762EA}.Debug|x86.Build.0 = Debug|Any CPU
		{2960B03B-9B75-49EB-ADFC-4F03269762EA}.Release|Any CPU.ActiveCfg = Release|Any CPU
		{2960B03B-9B75-49EB-ADFC-4F03269762EA}.Release|Any CPU.Build.0 = Release|Any CPU
		{2960B03B-9B75-49EB-ADFC-4F03269762EA}.Release|x64.ActiveCfg = Release|Any CPU
		{2960B03B-9B75-49EB-ADFC-4F03269762EA}.Release|x64.Build.0 = Release|Any CPU
		{2960B03B-9B75-49EB-ADFC-4F03269762EA}.Release|x86.ActiveCfg = Release|Any CPU
		{2960B03B-9B75-49EB-ADFC-4F03269762EA}.Release|x86.Build.0 = Release|Any CPU
		{05BD2036-6F02-4E59-849E-AB226CE50EC5}.Debug|Any CPU.ActiveCfg = Debug|Any CPU
		{05BD2036-6F02-4E59-849E-AB226CE50EC5}.Debug|Any CPU.Build.0 = Debug|Any CPU
		{05BD2036-6F02-4E59-849E-AB226CE50EC5}.Debug|x64.ActiveCfg = Debug|Any CPU
		{05BD2036-6F02-4E59-849E-AB226CE50EC5}.Debug|x64.Build.0 = Debug|Any CPU
		{05BD2036-6F02-4E59-849E-AB226CE50EC5}.Debug|x86.ActiveCfg = Debug|Any CPU
		{05BD2036-6F02-4E59-849E-AB226CE50EC5}.Debug|x86.Build.0 = Debug|Any CPU
		{05BD2036-6F02-4E59-849E-AB226CE50EC5}.Release|Any CPU.ActiveCfg = Release|Any CPU
		{05BD2036-6F02-4E59-849E-AB226CE50EC5}.Release|Any CPU.Build.0 = Release|Any CPU
		{05BD2036-6F02-4E59-849E-AB226CE50EC5}.Release|x64.ActiveCfg = Release|Any CPU
		{05BD2036-6F02-4E59-849E-AB226CE50EC5}.Release|x64.Build.0 = Release|Any CPU
		{05BD2036-6F02-4E59-849E-AB226CE50EC5}.Release|x86.ActiveCfg = Release|Any CPU
		{05BD2036-6F02-4E59-849E-AB226CE50EC5}.Release|x86.Build.0 = Release|Any CPU
		{D7F73F50-13CF-4555-8D9A-8AB4CC5122C9}.Debug|Any CPU.ActiveCfg = Debug|Any CPU
		{D7F73F50-13CF-4555-8D9A-8AB4CC5122C9}.Debug|Any CPU.Build.0 = Debug|Any CPU
		{D7F73F50-13CF-4555-8D9A-8AB4CC5122C9}.Debug|x64.ActiveCfg = Debug|Any CPU
		{D7F73F50-13CF-4555-8D9A-8AB4CC5122C9}.Debug|x64.Build.0 = Debug|Any CPU
		{D7F73F50-13CF-4555-8D9A-8AB4CC5122C9}.Debug|x86.ActiveCfg = Debug|Any CPU
		{D7F73F50-13CF-4555-8D9A-8AB4CC5122C9}.Debug|x86.Build.0 = Debug|Any CPU
		{D7F73F50-13CF-4555-8D9A-8AB4CC5122C9}.Release|Any CPU.ActiveCfg = Release|Any CPU
		{D7F73F50-13CF-4555-8D9A-8AB4CC5122C9}.Release|Any CPU.Build.0 = Release|Any CPU
		{D7F73F50-13CF-4555-8D9A-8AB4CC5122C9}.Release|x64.ActiveCfg = Release|Any CPU
		{D7F73F50-13CF-4555-8D9A-8AB4CC5122C9}.Release|x64.Build.0 = Release|Any CPU
		{D7F73F50-13CF-4555-8D9A-8AB4CC5122C9}.Release|x86.ActiveCfg = Release|Any CPU
		{D7F73F50-13CF-4555-8D9A-8AB4CC5122C9}.Release|x86.Build.0 = Release|Any CPU
		{360517A6-76CB-4FB5-A347-FE18DADD9F2E}.Debug|Any CPU.ActiveCfg = Debug|Any CPU
		{360517A6-76CB-4FB5-A347-FE18DADD9F2E}.Debug|Any CPU.Build.0 = Debug|Any CPU
		{360517A6-76CB-4FB5-A347-FE18DADD9F2E}.Debug|x64.ActiveCfg = Debug|Any CPU
		{360517A6-76CB-4FB5-A347-FE18DADD9F2E}.Debug|x64.Build.0 = Debug|Any CPU
		{360517A6-76CB-4FB5-A347-FE18DADD9F2E}.Debug|x86.ActiveCfg = Debug|Any CPU
		{360517A6-76CB-4FB5-A347-FE18DADD9F2E}.Debug|x86.Build.0 = Debug|Any CPU
		{360517A6-76CB-4FB5-A347-FE18DADD9F2E}.Release|Any CPU.ActiveCfg = Release|Any CPU
		{360517A6-76CB-4FB5-A347-FE18DADD9F2E}.Release|Any CPU.Build.0 = Release|Any CPU
		{360517A6-76CB-4FB5-A347-FE18DADD9F2E}.Release|x64.ActiveCfg = Release|Any CPU
		{360517A6-76CB-4FB5-A347-FE18DADD9F2E}.Release|x64.Build.0 = Release|Any CPU
		{360517A6-76CB-4FB5-A347-FE18DADD9F2E}.Release|x86.ActiveCfg = Release|Any CPU
		{360517A6-76CB-4FB5-A347-FE18DADD9F2E}.Release|x86.Build.0 = Release|Any CPU
		{D31EAC34-CD16-466D-A5A0-4C98EA1564CA}.Debug|Any CPU.ActiveCfg = Debug
		{D31EAC34-CD16-466D-A5A0-4C98EA1564CA}.Debug|x64.ActiveCfg = Debug
		{D31EAC34-CD16-466D-A5A0-4C98EA1564CA}.Debug|x86.ActiveCfg = Debug
		{D31EAC34-CD16-466D-A5A0-4C98EA1564CA}.Release|Any CPU.ActiveCfg = Release
		{D31EAC34-CD16-466D-A5A0-4C98EA1564CA}.Release|x64.ActiveCfg = Release
		{D31EAC34-CD16-466D-A5A0-4C98EA1564CA}.Release|x86.ActiveCfg = Release
		{2F31095F-1927-45AC-8A75-FA6249866C3F}.Debug|Any CPU.ActiveCfg = Debug
		{2F31095F-1927-45AC-8A75-FA6249866C3F}.Debug|x64.ActiveCfg = Debug
		{2F31095F-1927-45AC-8A75-FA6249866C3F}.Debug|x86.ActiveCfg = Debug
		{2F31095F-1927-45AC-8A75-FA6249866C3F}.Release|Any CPU.ActiveCfg = Release
		{2F31095F-1927-45AC-8A75-FA6249866C3F}.Release|x64.ActiveCfg = Release
		{2F31095F-1927-45AC-8A75-FA6249866C3F}.Release|x86.ActiveCfg = Release
		{8E4F6FC2-921E-43B4-8E52-B978E52C9725}.Debug|Any CPU.ActiveCfg = Debug
		{8E4F6FC2-921E-43B4-8E52-B978E52C9725}.Debug|x64.ActiveCfg = Debug
		{8E4F6FC2-921E-43B4-8E52-B978E52C9725}.Debug|x86.ActiveCfg = Debug
		{8E4F6FC2-921E-43B4-8E52-B978E52C9725}.Release|Any CPU.ActiveCfg = Release
		{8E4F6FC2-921E-43B4-8E52-B978E52C9725}.Release|x64.ActiveCfg = Release
		{8E4F6FC2-921E-43B4-8E52-B978E52C9725}.Release|x86.ActiveCfg = Release
		{FBF31DBD-966B-46DE-9A2D-5A7409141830}.Debug|Any CPU.ActiveCfg = Debug|Any CPU
		{FBF31DBD-966B-46DE-9A2D-5A7409141830}.Debug|Any CPU.Build.0 = Debug|Any CPU
		{FBF31DBD-966B-46DE-9A2D-5A7409141830}.Debug|x64.ActiveCfg = Debug|Any CPU
		{FBF31DBD-966B-46DE-9A2D-5A7409141830}.Debug|x64.Build.0 = Debug|Any CPU
		{FBF31DBD-966B-46DE-9A2D-5A7409141830}.Debug|x86.ActiveCfg = Debug|Any CPU
		{FBF31DBD-966B-46DE-9A2D-5A7409141830}.Debug|x86.Build.0 = Debug|Any CPU
		{FBF31DBD-966B-46DE-9A2D-5A7409141830}.Release|Any CPU.ActiveCfg = Release|Any CPU
		{FBF31DBD-966B-46DE-9A2D-5A7409141830}.Release|Any CPU.Build.0 = Release|Any CPU
		{FBF31DBD-966B-46DE-9A2D-5A7409141830}.Release|x64.ActiveCfg = Release|Any CPU
		{FBF31DBD-966B-46DE-9A2D-5A7409141830}.Release|x64.Build.0 = Release|Any CPU
		{FBF31DBD-966B-46DE-9A2D-5A7409141830}.Release|x86.ActiveCfg = Release|Any CPU
		{FBF31DBD-966B-46DE-9A2D-5A7409141830}.Release|x86.Build.0 = Release|Any CPU
		{3DB2ECDD-31EF-44E9-92F0-9B281E78CB06}.Debug|Any CPU.ActiveCfg = Debug
		{3DB2ECDD-31EF-44E9-92F0-9B281E78CB06}.Debug|x64.ActiveCfg = Debug
		{3DB2ECDD-31EF-44E9-92F0-9B281E78CB06}.Debug|x86.ActiveCfg = Debug
		{3DB2ECDD-31EF-44E9-92F0-9B281E78CB06}.Release|Any CPU.ActiveCfg = Release
		{3DB2ECDD-31EF-44E9-92F0-9B281E78CB06}.Release|x64.ActiveCfg = Release
		{3DB2ECDD-31EF-44E9-92F0-9B281E78CB06}.Release|x86.ActiveCfg = Release
	EndGlobalSection
	GlobalSection(SolutionProperties) = preSolution
		HideSolutionNode = FALSE
	EndGlobalSection
EndGlobal
